
Microsoft Visual Studio Solution File, Format Version 12.00
# Visual Studio 14
VisualStudioVersion = 14.0.25420.1
MinimumVisualStudioVersion = 10.0.40219.1
Project("{FAE04EC0-301F-11D3-BF4B-00C04F79EFBC}") = "CGen", "CGen\CGen.csproj", "{F1D5E6B1-B0B5-46FB-BF8F-DE12C2D7CA0D}"
EndProject
Project("{FAE04EC0-301F-11D3-BF4B-00C04F79EFBC}") = "CGen.Generator", "CGen.Generator\CGen.Generator.csproj", "{2E69EC4E-B336-4BCE-994F-21886BD0CAA2}"
EndProject
Project("{FAE04EC0-301F-11D3-BF4B-00C04F79EFBC}") = "NGen.Tests", "NGen.Tests\NGen.Tests.csproj", "{62AC3371-F521-4423-9809-4F8DE26AEAC0}"
EndProject
Project("{FAE04EC0-301F-11D3-BF4B-00C04F79EFBC}") = "TemplateManager", "TemplateManager\TemplateManager.csproj", "{81C1FBA2-39F9-4D40-86B2-CE4BDCA9A585}"
EndProject
Global
	GlobalSection(SolutionConfigurationPlatforms) = preSolution
		Debug|Any CPU = Debug|Any CPU
		Release|Any CPU = Release|Any CPU
	EndGlobalSection
	GlobalSection(ProjectConfigurationPlatforms) = postSolution
		{F1D5E6B1-B0B5-46FB-BF8F-DE12C2D7CA0D}.Debug|Any CPU.ActiveCfg = Debug|Any CPU
		{F1D5E6B1-B0B5-46FB-BF8F-DE12C2D7CA0D}.Debug|Any CPU.Build.0 = Debug|Any CPU
		{F1D5E6B1-B0B5-46FB-BF8F-DE12C2D7CA0D}.Release|Any CPU.ActiveCfg = Release|Any CPU
		{F1D5E6B1-B0B5-46FB-BF8F-DE12C2D7CA0D}.Release|Any CPU.Build.0 = Release|Any CPU
		{2E69EC4E-B336-4BCE-994F-21886BD0CAA2}.Debug|Any CPU.ActiveCfg = Debug|Any CPU
		{2E69EC4E-B336-4BCE-994F-21886BD0CAA2}.Debug|Any CPU.Build.0 = Debug|Any CPU
		{2E69EC4E-B336-4BCE-994F-21886BD0CAA2}.Release|Any CPU.ActiveCfg = Release|Any CPU
		{2E69EC4E-B336-4BCE-994F-21886BD0CAA2}.Release|Any CPU.Build.0 = Release|Any CPU
		{62AC3371-F521-4423-9809-4F8DE26AEAC0}.Debug|Any CPU.ActiveCfg = Debug|Any CPU
		{62AC3371-F521-4423-9809-4F8DE26AEAC0}.Debug|Any CPU.Build.0 = Debug|Any CPU
		{62AC3371-F521-4423-9809-4F8DE26AEAC0}.Release|Any CPU.ActiveCfg = Release|Any CPU
		{62AC3371-F521-4423-9809-4F8DE26AEAC0}.Release|Any CPU.Build.0 = Release|Any CPU
		{81C1FBA2-39F9-4D40-86B2-CE4BDCA9A585}.Debug|Any CPU.ActiveCfg = Debug|Any CPU
		{81C1FBA2-39F9-4D40-86B2-CE4BDCA9A585}.Debug|Any CPU.Build.0 = Debug|Any CPU
		{81C1FBA2-39F9-4D40-86B2-CE4BDCA9A585}.Release|Any CPU.ActiveCfg = Release|Any CPU
		{81C1FBA2-39F9-4D40-86B2-CE4BDCA9A585}.Release|Any CPU.Build.0 = Release|Any CPU
	EndGlobalSection
	GlobalSection(SolutionProperties) = preSolution
		HideSolutionNode = FALSE
	EndGlobalSection
EndGlobal
